
Microsoft Visual Studio Solution File, Format Version 12.00
# Visual Studio Version 17
VisualStudioVersion = 17.13.35818.85 d17.13
MinimumVisualStudioVersion = 10.0.40219.1
Project("{FAE04EC0-301F-11D3-BF4B-00C04F79EFBC}") = "LaptimeBaseAPI", "LaptimeBaseAPI/LaptimeBaseAPI.csproj", "{D891B994-4D92-4089-911C-0F0E2919E5EB}"
EndProject
Project("{FAE04EC0-301F-11D3-BF4B-00C04F79EFBC}") = "WebUI", "WebUI\WebUI.csproj", "{0D6C277A-B91C-4538-A1E3-CAB175A9E9B2}"
EndProject
Global
	GlobalSection(SolutionConfigurationPlatforms) = preSolution
		Debug|Any CPU = Debug|Any CPU
		Release|Any CPU = Release|Any CPU
	EndGlobalSection
	GlobalSection(ProjectConfigurationPlatforms) = postSolution
		{D891B994-4D92-4089-911C-0F0E2919E5EB}.Debug|Any CPU.ActiveCfg = Debug|Any CPU
		{D891B994-4D92-4089-911C-0F0E2919E5EB}.Debug|Any CPU.Build.0 = Debug|Any CPU
		{D891B994-4D92-4089-911C-0F0E2919E5EB}.Release|Any CPU.ActiveCfg = Release|Any CPU
		{D891B994-4D92-4089-911C-0F0E2919E5EB}.Release|Any CPU.Build.0 = Release|Any CPU
		{0D6C277A-B91C-4538-A1E3-CAB175A9E9B2}.Debug|Any CPU.ActiveCfg = Debug|Any CPU
		{0D6C277A-B91C-4538-A1E3-CAB175A9E9B2}.Debug|Any CPU.Build.0 = Debug|Any CPU
		{0D6C277A-B91C-4538-A1E3-CAB175A9E9B2}.Release|Any CPU.ActiveCfg = Release|Any CPU
		{0D6C277A-B91C-4538-A1E3-CAB175A9E9B2}.Release|Any CPU.Build.0 = Release|Any CPU
	EndGlobalSection
	GlobalSection(SolutionProperties) = preSolution
		HideSolutionNode = FALSE
	EndGlobalSection
	GlobalSection(ExtensibilityGlobals) = postSolution
		SolutionGuid = {3EF35C2D-5AF3-4193-9C47-87A4348D3BD5}
	EndGlobalSection
EndGlobal
